// !$*UTF8*$!
{
	archiveVersion = 1;
	classes = {
	};
	objectVersion = 50;
	objects = {

/* Begin PBXBuildFile section */
		6A0978BD21F9973600377F9F /* AppDelegate.swift in Sources */ = {isa = PBXBuildFile; fileRef = 6A0978BC21F9973600377F9F /* AppDelegate.swift */; };
		6A0978BF21F9973600377F9F /* RecognitionViewController.swift in Sources */ = {isa = PBXBuildFile; fileRef = 6A0978BE21F9973600377F9F /* RecognitionViewController.swift */; };
		6A0978C421F9973700377F9F /* Assets.xcassets in Resources */ = {isa = PBXBuildFile; fileRef = 6A0978C321F9973700377F9F /* Assets.xcassets */; };
		6A0978C721F9973700377F9F /* LaunchScreen.storyboard in Resources */ = {isa = PBXBuildFile; fileRef = 6A0978C521F9973700377F9F /* LaunchScreen.storyboard */; };
		6A21D2B4225FD5F100B50793 /* HandTracker.swift in Sources */ = {isa = PBXBuildFile; fileRef = 6A21D2B3225FD5F100B50793 /* HandTracker.swift */; };
		6A21D2B72260893900B50793 /* DebugViewController.swift in Sources */ = {isa = PBXBuildFile; fileRef = 6A21D2B62260893900B50793 /* DebugViewController.swift */; };
		6A328C9B226B734300D0DC24 /* CircularBuffer.swift in Sources */ = {isa = PBXBuildFile; fileRef = 6A328C9A226B734300D0DC24 /* CircularBuffer.swift */; };
		6A7C4EA6222AC2FD00A7EEB0 /* UIImageView+GeometryConverison.swift in Sources */ = {isa = PBXBuildFile; fileRef = 6A7C4EA5222AC2FD00A7EEB0 /* UIImageView+GeometryConverison.swift */; };
		6A7C4EA8222BEA4F00A7EEB0 /* Heap.swift in Sources */ = {isa = PBXBuildFile; fileRef = 6A7C4EA7222BEA4F00A7EEB0 /* Heap.swift */; };
		6A7F4445225BE98E00796510 /* CaptureSession.swift in Sources */ = {isa = PBXBuildFile; fileRef = 6A7F4444225BE98E00796510 /* CaptureSession.swift */; };
		6AB6515A225E6C83001401FA /* DatasetViewController.swift in Sources */ = {isa = PBXBuildFile; fileRef = 6AB65159225E6C83001401FA /* DatasetViewController.swift */; };
		6ACE636D22666D7C00ACD474 /* GestureClassifier.swift in Sources */ = {isa = PBXBuildFile; fileRef = 6ACE636C22666D7C00ACD474 /* GestureClassifier.swift */; };
		6ACE63702267341F00ACD474 /* WordComposer.swift in Sources */ = {isa = PBXBuildFile; fileRef = 6ACE636F2267341F00ACD474 /* WordComposer.swift */; };
		6ADA0928226912B3006661D4 /* Main.storyboard in Resources */ = {isa = PBXBuildFile; fileRef = 6ADA0927226912B3006661D4 /* Main.storyboard */; };
		6AE8C0422263D1E5008A79B4 /* StabilizationDetector.swift in Sources */ = {isa = PBXBuildFile; fileRef = 6AE8C0412263D1E5008A79B4 /* StabilizationDetector.swift */; };
		7562935D22A6528C00BF3C1F /* FingerspellingRecognizer.mlmodel in Sources */ = {isa = PBXBuildFile; fileRef = 7562935C22A6528C00BF3C1F /* FingerspellingRecognizer.mlmodel */; };
		75C84443227B5567000AA817 /* Settings.swift in Sources */ = {isa = PBXBuildFile; fileRef = 75C84442227B5567000AA817 /* Settings.swift */; };
		75C84446227B787E000AA817 /* Throttler.swift in Sources */ = {isa = PBXBuildFile; fileRef = 75C84445227B787E000AA817 /* Throttler.swift */; };
/* End PBXBuildFile section */

/* Begin PBXFileReference section */
		6A0978B921F9973600377F9F /* Fingerspelling recognizer.app */ = {isa = PBXFileReference; explicitFileType = wrapper.application; includeInIndex = 0; path = "Fingerspelling recognizer.app"; sourceTree = BUILT_PRODUCTS_DIR; };
		6A0978BC21F9973600377F9F /* AppDelegate.swift */ = {isa = PBXFileReference; lastKnownFileType = sourcecode.swift; path = AppDelegate.swift; sourceTree = "<group>"; };
		6A0978BE21F9973600377F9F /* RecognitionViewController.swift */ = {isa = PBXFileReference; lastKnownFileType = sourcecode.swift; path = RecognitionViewController.swift; sourceTree = "<group>"; };
		6A0978C321F9973700377F9F /* Assets.xcassets */ = {isa = PBXFileReference; lastKnownFileType = folder.assetcatalog; path = Assets.xcassets; sourceTree = "<group>"; };
		6A0978C621F9973700377F9F /* Base */ = {isa = PBXFileReference; lastKnownFileType = file.storyboard; name = Base; path = Base.lproj/LaunchScreen.storyboard; sourceTree = "<group>"; };
		6A0978C821F9973700377F9F /* Info.plist */ = {isa = PBXFileReference; lastKnownFileType = text.plist.xml; path = Info.plist; sourceTree = "<group>"; };
		6A21D2B3225FD5F100B50793 /* HandTracker.swift */ = {isa = PBXFileReference; lastKnownFileType = sourcecode.swift; path = HandTracker.swift; sourceTree = "<group>"; };
		6A21D2B62260893900B50793 /* DebugViewController.swift */ = {isa = PBXFileReference; lastKnownFileType = sourcecode.swift; path = DebugViewController.swift; sourceTree = "<group>"; };
		6A328C9A226B734300D0DC24 /* CircularBuffer.swift */ = {isa = PBXFileReference; lastKnownFileType = sourcecode.swift; path = CircularBuffer.swift; sourceTree = "<group>"; };
		6A7C4EA5222AC2FD00A7EEB0 /* UIImageView+GeometryConverison.swift */ = {isa = PBXFileReference; lastKnownFileType = sourcecode.swift; path = "UIImageView+GeometryConverison.swift"; sourceTree = "<group>"; };
		6A7C4EA7222BEA4F00A7EEB0 /* Heap.swift */ = {isa = PBXFileReference; lastKnownFileType = sourcecode.swift; path = Heap.swift; sourceTree = "<group>"; };
		6A7F4444225BE98E00796510 /* CaptureSession.swift */ = {isa = PBXFileReference; lastKnownFileType = sourcecode.swift; path = CaptureSession.swift; sourceTree = "<group>"; };
		6AB65159225E6C83001401FA /* DatasetViewController.swift */ = {isa = PBXFileReference; lastKnownFileType = sourcecode.swift; path = DatasetViewController.swift; sourceTree = "<group>"; };
		6ACE636C22666D7C00ACD474 /* GestureClassifier.swift */ = {isa = PBXFileReference; lastKnownFileType = sourcecode.swift; path = GestureClassifier.swift; sourceTree = "<group>"; };
		6ACE636F2267341F00ACD474 /* WordComposer.swift */ = {isa = PBXFileReference; lastKnownFileType = sourcecode.swift; path = WordComposer.swift; sourceTree = "<group>"; };
		6ADA0927226912B3006661D4 /* Main.storyboard */ = {isa = PBXFileReference; lastKnownFileType = file.storyboard; path = Main.storyboard; sourceTree = "<group>"; };
		6AE8C0412263D1E5008A79B4 /* StabilizationDetector.swift */ = {isa = PBXFileReference; lastKnownFileType = sourcecode.swift; path = StabilizationDetector.swift; sourceTree = "<group>"; };
		7562935C22A6528C00BF3C1F /* FingerspellingRecognizer.mlmodel */ = {isa = PBXFileReference; lastKnownFileType = file.mlmodel; path = FingerspellingRecognizer.mlmodel; sourceTree = "<group>"; };
		75C84442227B5567000AA817 /* Settings.swift */ = {isa = PBXFileReference; lastKnownFileType = sourcecode.swift; path = Settings.swift; sourceTree = "<group>"; };
		75C84445227B787E000AA817 /* Throttler.swift */ = {isa = PBXFileReference; lastKnownFileType = sourcecode.swift; path = Throttler.swift; sourceTree = "<group>"; };
/* End PBXFileReference section */

/* Begin PBXFrameworksBuildPhase section */
		6A0978B621F9973600377F9F /* Frameworks */ = {
			isa = PBXFrameworksBuildPhase;
			buildActionMask = 2147483647;
			files = (
			);
			runOnlyForDeploymentPostprocessing = 0;
		};
/* End PBXFrameworksBuildPhase section */

/* Begin PBXGroup section */
		6A0978B021F9973600377F9F = {
			isa = PBXGroup;
			children = (
				6A0978BB21F9973600377F9F /* Fingerspelling recognizer */,
				6A0978BA21F9973600377F9F /* Products */,
			);
			sourceTree = "<group>";
		};
		6A0978BA21F9973600377F9F /* Products */ = {
			isa = PBXGroup;
			children = (
				6A0978B921F9973600377F9F /* Fingerspelling recognizer.app */,
			);
			name = Products;
			sourceTree = "<group>";
		};
		6A0978BB21F9973600377F9F /* Fingerspelling recognizer */ = {
			isa = PBXGroup;
			children = (
				75C84444227B7846000AA817 /* Utils */,
				6A21D2B5226088FD00B50793 /* Models */,
				6A0978BC21F9973600377F9F /* AppDelegate.swift */,
				6A0978BE21F9973600377F9F /* RecognitionViewController.swift */,
				6A21D2B3225FD5F100B50793 /* HandTracker.swift */,
				6AB65159225E6C83001401FA /* DatasetViewController.swift */,
				6A0978C321F9973700377F9F /* Assets.xcassets */,
				6A7C4EA5222AC2FD00A7EEB0 /* UIImageView+GeometryConverison.swift */,
				6A7F4444225BE98E00796510 /* CaptureSession.swift */,
				6A21D2B62260893900B50793 /* DebugViewController.swift */,
				6AE8C0412263D1E5008A79B4 /* StabilizationDetector.swift */,
				6ACE636C22666D7C00ACD474 /* GestureClassifier.swift */,
				6ACE636F2267341F00ACD474 /* WordComposer.swift */,
				6ACE636E2267338500ACD474 /* Support Files */,
				6ADA0927226912B3006661D4 /* Main.storyboard */,
				75C84442227B5567000AA817 /* Settings.swift */,
			);
			path = "Fingerspelling recognizer";
			sourceTree = "<group>";
		};
		6A21D2B5226088FD00B50793 /* Models */ = {
			isa = PBXGroup;
			children = (
				7562935C22A6528C00BF3C1F /* FingerspellingRecognizer.mlmodel */,
			);
			path = Models;
			sourceTree = "<group>";
		};
		6ACE636E2267338500ACD474 /* Support Files */ = {
			isa = PBXGroup;
			children = (
				6A0978C521F9973700377F9F /* LaunchScreen.storyboard */,
				6A0978C821F9973700377F9F /* Info.plist */,
			);
			path = "Support Files";
			sourceTree = "<group>";
		};
		75C84444227B7846000AA817 /* Utils */ = {
			isa = PBXGroup;
			children = (
				6A328C9A226B734300D0DC24 /* CircularBuffer.swift */,
				6A7C4EA7222BEA4F00A7EEB0 /* Heap.swift */,
				75C84445227B787E000AA817 /* Throttler.swift */,
			);
			path = Utils;
			sourceTree = "<group>";
		};
/* End PBXGroup section */

/* Begin PBXNativeTarget section */
		6A0978B821F9973600377F9F /* Fingerspelling recognizer */ = {
			isa = PBXNativeTarget;
			buildConfigurationList = 6A0978CB21F9973700377F9F /* Build configuration list for PBXNativeTarget "Fingerspelling recognizer" */;
			buildPhases = (
				6A0978B521F9973600377F9F /* Sources */,
				6A0978B621F9973600377F9F /* Frameworks */,
				6A0978B721F9973600377F9F /* Resources */,
			);
			buildRules = (
			);
			dependencies = (
			);
			name = "Fingerspelling recognizer";
			productName = "Fingerspelling recognizer";
			productReference = 6A0978B921F9973600377F9F /* Fingerspelling recognizer.app */;
			productType = "com.apple.product-type.application";
		};
/* End PBXNativeTarget section */

/* Begin PBXProject section */
		6A0978B121F9973600377F9F /* Project object */ = {
			isa = PBXProject;
			attributes = {
				LastSwiftUpdateCheck = 1010;
				LastUpgradeCheck = 1010;
				ORGANIZATIONNAME = aa;
				TargetAttributes = {
					6A0978B821F9973600377F9F = {
						CreatedOnToolsVersion = 10.1;
					};
				};
			};
			buildConfigurationList = 6A0978B421F9973600377F9F /* Build configuration list for PBXProject "Fingerspelling recognizer" */;
			compatibilityVersion = "Xcode 9.3";
			developmentRegion = en;
			hasScannedForEncodings = 0;
			knownRegions = (
				en,
				Base,
			);
			mainGroup = 6A0978B021F9973600377F9F;
			productRefGroup = 6A0978BA21F9973600377F9F /* Products */;
			projectDirPath = "";
			projectRoot = "";
			targets = (
				6A0978B821F9973600377F9F /* Fingerspelling recognizer */,
			);
		};
/* End PBXProject section */

/* Begin PBXResourcesBuildPhase section */
		6A0978B721F9973600377F9F /* Resources */ = {
			isa = PBXResourcesBuildPhase;
			buildActionMask = 2147483647;
			files = (
				6ADA0928226912B3006661D4 /* Main.storyboard in Resources */,
				6A0978C721F9973700377F9F /* LaunchScreen.storyboard in Resources */,
				6A0978C421F9973700377F9F /* Assets.xcassets in Resources */,
			);
			runOnlyForDeploymentPostprocessing = 0;
		};
/* End PBXResourcesBuildPhase section */

/* Begin PBXSourcesBuildPhase section */
		6A0978B521F9973600377F9F /* Sources */ = {
			isa = PBXSourcesBuildPhase;
			buildActionMask = 2147483647;
			files = (
				6A0978BF21F9973600377F9F /* RecognitionViewController.swift in Sources */,
				6A21D2B72260893900B50793 /* DebugViewController.swift in Sources */,
				75C84446227B787E000AA817 /* Throttler.swift in Sources */,
				6A0978BD21F9973600377F9F /* AppDelegate.swift in Sources */,
				6A7C4EA6222AC2FD00A7EEB0 /* UIImageView+GeometryConverison.swift in Sources */,
				6A7C4EA8222BEA4F00A7EEB0 /* Heap.swift in Sources */,
				7562935D22A6528C00BF3C1F /* FingerspellingRecognizer.mlmodel in Sources */,
				6AE8C0422263D1E5008A79B4 /* StabilizationDetector.swift in Sources */,
				6A7F4445225BE98E00796510 /* CaptureSession.swift in Sources */,
				6A328C9B226B734300D0DC24 /* CircularBuffer.swift in Sources */,
				75C84443227B5567000AA817 /* Settings.swift in Sources */,
				6AB6515A225E6C83001401FA /* DatasetViewController.swift in Sources */,
				6ACE636D22666D7C00ACD474 /* GestureClassifier.swift in Sources */,
				6A21D2B4225FD5F100B50793 /* HandTracker.swift in Sources */,
				6ACE63702267341F00ACD474 /* WordComposer.swift in Sources */,
			);
			runOnlyForDeploymentPostprocessing = 0;
		};
/* End PBXSourcesBuildPhase section */

/* Begin PBXVariantGroup section */
		6A0978C521F9973700377F9F /* LaunchScreen.storyboard */ = {
			isa = PBXVariantGroup;
			children = (
				6A0978C621F9973700377F9F /* Base */,
			);
			name = LaunchScreen.storyboard;
			sourceTree = "<group>";
		};
/* End PBXVariantGroup section */

/* Begin XCBuildConfiguration section */
		6A0978C921F9973700377F9F /* Debug */ = {
			isa = XCBuildConfiguration;
			buildSettings = {
				ALWAYS_SEARCH_USER_PATHS = NO;
				CLANG_ANALYZER_NONNULL = YES;
				CLANG_ANALYZER_NUMBER_OBJECT_CONVERSION = YES_AGGRESSIVE;
				CLANG_CXX_LANGUAGE_STANDARD = "gnu++14";
				CLANG_CXX_LIBRARY = "libc++";
				CLANG_ENABLE_MODULES = YES;
				CLANG_ENABLE_OBJC_ARC = YES;
				CLANG_ENABLE_OBJC_WEAK = YES;
				CLANG_WARN_BLOCK_CAPTURE_AUTORELEASING = YES;
				CLANG_WARN_BOOL_CONVERSION = YES;
				CLANG_WARN_COMMA = YES;
				CLANG_WARN_CONSTANT_CONVERSION = YES;
				CLANG_WARN_DEPRECATED_OBJC_IMPLEMENTATIONS = YES;
				CLANG_WARN_DIRECT_OBJC_ISA_USAGE = YES_ERROR;
				CLANG_WARN_DOCUMENTATION_COMMENTS = YES;
				CLANG_WARN_EMPTY_BODY = YES;
				CLANG_WARN_ENUM_CONVERSION = YES;
				CLANG_WARN_INFINITE_RECURSION = YES;
				CLANG_WARN_INT_CONVERSION = YES;
				CLANG_WARN_NON_LITERAL_NULL_CONVERSION = YES;
				CLANG_WARN_OBJC_IMPLICIT_RETAIN_SELF = YES;
				CLANG_WARN_OBJC_LITERAL_CONVERSION = YES;
				CLANG_WARN_OBJC_ROOT_CLASS = YES_ERROR;
				CLANG_WARN_RANGE_LOOP_ANALYSIS = YES;
				CLANG_WARN_STRICT_PROTOTYPES = YES;
				CLANG_WARN_SUSPICIOUS_MOVE = YES;
				CLANG_WARN_UNGUARDED_AVAILABILITY = YES_AGGRESSIVE;
				CLANG_WARN_UNREACHABLE_CODE = YES;
				CLANG_WARN__DUPLICATE_METHOD_MATCH = YES;
				CODE_SIGN_IDENTITY = "iPhone Developer";
				COPY_PHASE_STRIP = NO;
				DEBUG_INFORMATION_FORMAT = dwarf;
				ENABLE_STRICT_OBJC_MSGSEND = YES;
				ENABLE_TESTABILITY = YES;
				GCC_C_LANGUAGE_STANDARD = gnu11;
				GCC_DYNAMIC_NO_PIC = NO;
				GCC_NO_COMMON_BLOCKS = YES;
				GCC_OPTIMIZATION_LEVEL = 0;
				GCC_PREPROCESSOR_DEFINITIONS = (
					"DEBUG=1",
					"$(inherited)",
				);
				GCC_WARN_64_TO_32_BIT_CONVERSION = YES;
				GCC_WARN_ABOUT_RETURN_TYPE = YES_ERROR;
				GCC_WARN_UNDECLARED_SELECTOR = YES;
				GCC_WARN_UNINITIALIZED_AUTOS = YES_AGGRESSIVE;
				GCC_WARN_UNUSED_FUNCTION = YES;
				GCC_WARN_UNUSED_VARIABLE = YES;
				IPHONEOS_DEPLOYMENT_TARGET = 12.1;
				MTL_ENABLE_DEBUG_INFO = INCLUDE_SOURCE;
				MTL_FAST_MATH = YES;
				ONLY_ACTIVE_ARCH = YES;
				SDKROOT = iphoneos;
				SWIFT_ACTIVE_COMPILATION_CONDITIONS = DEBUG;
				SWIFT_OPTIMIZATION_LEVEL = "-Onone";
			};
			name = Debug;
		};
		6A0978CA21F9973700377F9F /* Release */ = {
			isa = XCBuildConfiguration;
			buildSettings = {
				ALWAYS_SEARCH_USER_PATHS = NO;
				CLANG_ANALYZER_NONNULL = YES;
				CLANG_ANALYZER_NUMBER_OBJECT_CONVERSION = YES_AGGRESSIVE;
				CLANG_CXX_LANGUAGE_STANDARD = "gnu++14";
				CLANG_CXX_LIBRARY = "libc++";
				CLANG_ENABLE_MODULES = YES;
				CLANG_ENABLE_OBJC_ARC = YES;
				CLANG_ENABLE_OBJC_WEAK = YES;
				CLANG_WARN_BLOCK_CAPTURE_AUTORELEASING = YES;
				CLANG_WARN_BOOL_CONVERSION = YES;
				CLANG_WARN_COMMA = YES;
				CLANG_WARN_CONSTANT_CONVERSION = YES;
				CLANG_WARN_DEPRECATED_OBJC_IMPLEMENTATIONS = YES;
				CLANG_WARN_DIRECT_OBJC_ISA_USAGE = YES_ERROR;
				CLANG_WARN_DOCUMENTATION_COMMENTS = YES;
				CLANG_WARN_EMPTY_BODY = YES;
				CLANG_WARN_ENUM_CONVERSION = YES;
				CLANG_WARN_INFINITE_RECURSION = YES;
				CLANG_WARN_INT_CONVERSION = YES;
				CLANG_WARN_NON_LITERAL_NULL_CONVERSION = YES;
				CLANG_WARN_OBJC_IMPLICIT_RETAIN_SELF = YES;
				CLANG_WARN_OBJC_LITERAL_CONVERSION = YES;
				CLANG_WARN_OBJC_ROOT_CLASS = YES_ERROR;
				CLANG_WARN_RANGE_LOOP_ANALYSIS = YES;
				CLANG_WARN_STRICT_PROTOTYPES = YES;
				CLANG_WARN_SUSPICIOUS_MOVE = YES;
				CLANG_WARN_UNGUARDED_AVAILABILITY = YES_AGGRESSIVE;
				CLANG_WARN_UNREACHABLE_CODE = YES;
				CLANG_WARN__DUPLICATE_METHOD_MATCH = YES;
				CODE_SIGN_IDENTITY = "iPhone Developer";
				COPY_PHASE_STRIP = NO;
				DEBUG_INFORMATION_FORMAT = "dwarf-with-dsym";
				ENABLE_NS_ASSERTIONS = NO;
				ENABLE_STRICT_OBJC_MSGSEND = YES;
				GCC_C_LANGUAGE_STANDARD = gnu11;
				GCC_NO_COMMON_BLOCKS = YES;
				GCC_WARN_64_TO_32_BIT_CONVERSION = YES;
				GCC_WARN_ABOUT_RETURN_TYPE = YES_ERROR;
				GCC_WARN_UNDECLARED_SELECTOR = YES;
				GCC_WARN_UNINITIALIZED_AUTOS = YES_AGGRESSIVE;
				GCC_WARN_UNUSED_FUNCTION = YES;
				GCC_WARN_UNUSED_VARIABLE = YES;
				IPHONEOS_DEPLOYMENT_TARGET = 12.1;
				MTL_ENABLE_DEBUG_INFO = NO;
				MTL_FAST_MATH = YES;
				SDKROOT = iphoneos;
				SWIFT_COMPILATION_MODE = wholemodule;
				SWIFT_OPTIMIZATION_LEVEL = "-O";
				VALIDATE_PRODUCT = YES;
			};
			name = Release;
		};
		6A0978CC21F9973700377F9F /* Debug */ = {
			isa = XCBuildConfiguration;
			buildSettings = {
				ASSETCATALOG_COMPILER_APPICON_NAME = AppIcon;
				CODE_SIGN_STYLE = Automatic;
				DEVELOPMENT_TEAM = PR3SF37B87;
				INFOPLIST_FILE = "$(SRCROOT)/Fingerspelling recognizer/Support Files/Info.plist";
				LD_RUNPATH_SEARCH_PATHS = (
					"$(inherited)",
					"@executable_path/Frameworks",
				);
				PRODUCT_BUNDLE_IDENTIFIER = "ru.goingreen.Fingerspelling-recognizer";
				PRODUCT_NAME = "$(TARGET_NAME)";
				SWIFT_VERSION = 4.2;
				TARGETED_DEVICE_FAMILY = 1;
			};
			name = Debug;
		};
		6A0978CD21F9973700377F9F /* Release */ = {
			isa = XCBuildConfiguration;
			buildSettings = {
				ASSETCATALOG_COMPILER_APPICON_NAME = AppIcon;
				CODE_SIGN_STYLE = Automatic;
				DEVELOPMENT_TEAM = PR3SF37B87;
				INFOPLIST_FILE = "$(SRCROOT)/Fingerspelling recognizer/Support Files/Info.plist";
				LD_RUNPATH_SEARCH_PATHS = (
					"$(inherited)",
					"@executable_path/Frameworks",
				);
				PRODUCT_BUNDLE_IDENTIFIER = "ru.goingreen.Fingerspelling-recognizer";
				PRODUCT_NAME = "$(TARGET_NAME)";
				SWIFT_VERSION = 4.2;
				TARGETED_DEVICE_FAMILY = 1;
			};
			name = Release;
		};
/* End XCBuildConfiguration section */

/* Begin XCConfigurationList section */
		6A0978B421F9973600377F9F /* Build configuration list for PBXProject "Fingerspelling recognizer" */ = {
			isa = XCConfigurationList;
			buildConfigurations = (
				6A0978C921F9973700377F9F /* Debug */,
				6A0978CA21F9973700377F9F /* Release */,
			);
			defaultConfigurationIsVisible = 0;
			defaultConfigurationName = Release;
		};
		6A0978CB21F9973700377F9F /* Build configuration list for PBXNativeTarget "Fingerspelling recognizer" */ = {
			isa = XCConfigurationList;
			buildConfigurations = (
				6A0978CC21F9973700377F9F /* Debug */,
				6A0978CD21F9973700377F9F /* Release */,
			);
			defaultConfigurationIsVisible = 0;
			defaultConfigurationName = Release;
		};
/* End XCConfigurationList section */
	};
	rootObject = 6A0978B121F9973600377F9F /* Project object */;
}
